
Microsoft Visual Studio Solution File, Format Version 12.00
Project("{FAE04EC0-301F-11D3-BF4B-00C04F79EFBC}") = "Toolbox", "Toolbox\Toolbox.csproj", "{B36C5092-4EC5-4684-BB5A-D0ABCD2A8EA1}"
EndProject
Project("{FAE04EC0-301F-11D3-BF4B-00C04F79EFBC}") = "Tests", "Tests\Tests.csproj", "{4005A9C2-F78D-40E8-8ACD-CC81C10F7C61}"
EndProject
Project("{2150E333-8FDC-42A3-9474-1A3956D46DE8}") = "data", "data", "{AE594510-5E9A-4FAB-B5E8-D1579666EBCD}"
	ProjectSection(SolutionItems) = preProject
		..\data\Saisons.xml = ..\data\Saisons.xml
		..\data\Saisons.xsd = ..\data\Saisons.xsd
		Tests\bin\Debug\net7.0\CategoriesAndSubcategories.txt = Tests\bin\Debug\net7.0\CategoriesAndSubcategories.txt
	EndProjectSection
EndProject
Global
	GlobalSection(SolutionConfigurationPlatforms) = preSolution
		Debug|Any CPU = Debug|Any CPU
		Release|Any CPU = Release|Any CPU
	EndGlobalSection
	GlobalSection(ProjectConfigurationPlatforms) = postSolution
		{B36C5092-4EC5-4684-BB5A-D0ABCD2A8EA1}.Debug|Any CPU.ActiveCfg = Debug|Any CPU
		{B36C5092-4EC5-4684-BB5A-D0ABCD2A8EA1}.Debug|Any CPU.Build.0 = Debug|Any CPU
		{B36C5092-4EC5-4684-BB5A-D0ABCD2A8EA1}.Release|Any CPU.ActiveCfg = Release|Any CPU
		{B36C5092-4EC5-4684-BB5A-D0ABCD2A8EA1}.Release|Any CPU.Build.0 = Release|Any CPU
		{4005A9C2-F78D-40E8-8ACD-CC81C10F7C61}.Debug|Any CPU.ActiveCfg = Debug|Any CPU
		{4005A9C2-F78D-40E8-8ACD-CC81C10F7C61}.Debug|Any CPU.Build.0 = Debug|Any CPU
		{4005A9C2-F78D-40E8-8ACD-CC81C10F7C61}.Release|Any CPU.ActiveCfg = Release|Any CPU
		{4005A9C2-F78D-40E8-8ACD-CC81C10F7C61}.Release|Any CPU.Build.0 = Release|Any CPU
	EndGlobalSection
EndGlobal
